
Microsoft Visual Studio Solution File, Format Version 12.00
Project("{FAE04EC0-301F-11D3-BF4B-00C04F79EFBC}") = "XMLTransformer", "XMLTransformer\XMLTransformer.csproj", "{CEE4B49C-3C4E-41F8-945D-CAE4BF21CFE5}"
EndProject
Global
	GlobalSection(SolutionConfigurationPlatforms) = preSolution
		Debug|Any CPU = Debug|Any CPU
		Release|Any CPU = Release|Any CPU
	EndGlobalSection
	GlobalSection(ProjectConfigurationPlatforms) = postSolution
		{CEE4B49C-3C4E-41F8-945D-CAE4BF21CFE5}.Debug|Any CPU.ActiveCfg = Debug|Any CPU
		{CEE4B49C-3C4E-41F8-945D-CAE4BF21CFE5}.Debug|Any CPU.Build.0 = Debug|Any CPU
		{CEE4B49C-3C4E-41F8-945D-CAE4BF21CFE5}.Release|Any CPU.ActiveCfg = Release|Any CPU
		{CEE4B49C-3C4E-41F8-945D-CAE4BF21CFE5}.Release|Any CPU.Build.0 = Release|Any CPU
	EndGlobalSection
EndGlobal
